PODS:
  - KZWFoundationSwift (0.1.0)

DEPENDENCIES:
  - KZWFoundationSwift (from `../`)

EXTERNAL SOURCES:
  KZWFoundationSwift:
    :path: "../"

SPEC CHECKSUMS:
  KZWFoundationSwift: 7a64a3316816c430029bfa5ec0509e28ec833518

PODFILE CHECKSUM: 4242a4b3ce874b6eb7eadbea9febdac7cde0e243

COCOAPODS: 1.5.3
