PODS:
  - KZWFoundationSwift (1.0.0)

DEPENDENCIES:
  - KZWFoundationSwift (from `../`)

EXTERNAL SOURCES:
  KZWFoundationSwift:
    :path: "../"

SPEC CHECKSUMS:
  KZWFoundationSwift: 153958e98f6dbae221ced89731f7b769319d8dda

PODFILE CHECKSUM: 43f29f5170f06e613d2daab9dd5ba2fca783548b

COCOAPODS: 1.5.3
