// !$*UTF8*$!
{
	archiveVersion = 1;
	classes = {
	};
	objectVersion = 50;
	objects = {

/* Begin PBXBuildFile section */
		22AD9E688DA427190FDA0057 /* Pods_KZWFoundation_Swift.framework in Frameworks */ = {isa = PBXBuildFile; fileRef = 63E4F36083D750FC3F5629CC /* Pods_KZWFoundation_Swift.framework */; };
		569B71F161243B23B8B8EBF8 /* Pods_KZWFoundation_SwiftUITests.framework in Frameworks */ = {isa = PBXBuildFile; fileRef = 6734621F5DEA84C90F5645E3 /* Pods_KZWFoundation_SwiftUITests.framework */; };
		6A2A161144B155AF9D935042 /* Pods_KZWFoundation_SwiftTests.framework in Frameworks */ = {isa = PBXBuildFile; fileRef = 360136BEE13BFCD9986FC51F /* Pods_KZWFoundation_SwiftTests.framework */; };
		E715708A21A290E300084088 /* AppDelegate.swift in Sources */ = {isa = PBXBuildFile; fileRef = E715708921A290E300084088 /* AppDelegate.swift */; };
		E715708C21A290E300084088 /* ViewController.swift in Sources */ = {isa = PBXBuildFile; fileRef = E715708B21A290E300084088 /* ViewController.swift */; };
		E715708F21A290E300084088 /* Main.storyboard in Resources */ = {isa = PBXBuildFile; fileRef = E715708D21A290E300084088 /* Main.storyboard */; };
		E715709121A290E500084088 /* Assets.xcassets in Resources */ = {isa = PBXBuildFile; fileRef = E715709021A290E500084088 /* Assets.xcassets */; };
		E715709421A290E500084088 /* LaunchScreen.storyboard in Resources */ = {isa = PBXBuildFile; fileRef = E715709221A290E500084088 /* LaunchScreen.storyboard */; };
		E715709F21A290E500084088 /* KZWFoundation_SwiftTests.swift in Sources */ = {isa = PBXBuildFile; fileRef = E715709E21A290E500084088 /* KZWFoundation_SwiftTests.swift */; };
		E71570AA21A290E500084088 /* KZWFoundation_SwiftUITests.swift in Sources */ = {isa = PBXBuildFile; fileRef = E71570A921A290E500084088 /* KZWFoundation_SwiftUITests.swift */; };
/* End PBXBuildFile section */

/* Begin PBXContainerItemProxy section */
		E715709B21A290E500084088 /* PBXContainerItemProxy */ = {
			isa = PBXContainerItemProxy;
			containerPortal = E715707E21A290E300084088 /* Project object */;
			proxyType = 1;
			remoteGlobalIDString = E715708521A290E300084088;
			remoteInfo = "KZWFoundation-Swift";
		};
		E71570A621A290E500084088 /* PBXContainerItemProxy */ = {
			isa = PBXContainerItemProxy;
			containerPortal = E715707E21A290E300084088 /* Project object */;
			proxyType = 1;
			remoteGlobalIDString = E715708521A290E300084088;
			remoteInfo = "KZWFoundation-Swift";
		};
/* End PBXContainerItemProxy section */

/* Begin PBXFileReference section */
		360136BEE13BFCD9986FC51F /* Pods_KZWFoundation_SwiftTests.framework */ = {isa = PBXFileReference; explicitFileType = wrapper.framework; includeInIndex = 0; path = Pods_KZWFoundation_SwiftTests.framework; sourceTree = BUILT_PRODUCTS_DIR; };
		4A2321D60EF0493A26970C86 /* Pods-KZWFoundation-SwiftTests.release.xcconfig */ = {isa = PBXFileReference; includeInIndex = 1; lastKnownFileType = text.xcconfig; name = "Pods-KZWFoundation-SwiftTests.release.xcconfig"; path = "Pods/Target Support Files/Pods-KZWFoundation-SwiftTests/Pods-KZWFoundation-SwiftTests.release.xcconfig"; sourceTree = "<group>"; };
		63E4F36083D750FC3F5629CC /* Pods_KZWFoundation_Swift.framework */ = {isa = PBXFileReference; explicitFileType = wrapper.framework; includeInIndex = 0; path = Pods_KZWFoundation_Swift.framework; sourceTree = BUILT_PRODUCTS_DIR; };
		6734621F5DEA84C90F5645E3 /* Pods_KZWFoundation_SwiftUITests.framework */ = {isa = PBXFileReference; explicitFileType = wrapper.framework; includeInIndex = 0; path = Pods_KZWFoundation_SwiftUITests.framework; sourceTree = BUILT_PRODUCTS_DIR; };
		9497FCB1F689B4A5B5A69970 /* Pods-KZWFoundation-Swift.debug.xcconfig */ = {isa = PBXFileReference; includeInIndex = 1; lastKnownFileType = text.xcconfig; name = "Pods-KZWFoundation-Swift.debug.xcconfig"; path = "Pods/Target Support Files/Pods-KZWFoundation-Swift/Pods-KZWFoundation-Swift.debug.xcconfig"; sourceTree = "<group>"; };
		AD3E7C644DACDCC0A5800663 /* Pods-KZWFoundation-SwiftTests.debug.xcconfig */ = {isa = PBXFileReference; includeInIndex = 1; lastKnownFileType = text.xcconfig; name = "Pods-KZWFoundation-SwiftTests.debug.xcconfig"; path = "Pods/Target Support Files/Pods-KZWFoundation-SwiftTests/Pods-KZWFoundation-SwiftTests.debug.xcconfig"; sourceTree = "<group>"; };
		DA8730A3330B2192F6043E60 /* Pods-KZWFoundation-SwiftUITests.release.xcconfig */ = {isa = PBXFileReference; includeInIndex = 1; lastKnownFileType = text.xcconfig; name = "Pods-KZWFoundation-SwiftUITests.release.xcconfig"; path = "Pods/Target Support Files/Pods-KZWFoundation-SwiftUITests/Pods-KZWFoundation-SwiftUITests.release.xcconfig"; sourceTree = "<group>"; };
		DEAE51A2556B224CA481A8D1 /* Pods-KZWFoundation-Swift.release.xcconfig */ = {isa = PBXFileReference; includeInIndex = 1; lastKnownFileType = text.xcconfig; name = "Pods-KZWFoundation-Swift.release.xcconfig"; path = "Pods/Target Support Files/Pods-KZWFoundation-Swift/Pods-KZWFoundation-Swift.release.xcconfig"; sourceTree = "<group>"; };
		E66FDC9BECAF43BF4D456BB7 /* Pods-KZWFoundation-SwiftUITests.debug.xcconfig */ = {isa = PBXFileReference; includeInIndex = 1; lastKnownFileType = text.xcconfig; name = "Pods-KZWFoundation-SwiftUITests.debug.xcconfig"; path = "Pods/Target Support Files/Pods-KZWFoundation-SwiftUITests/Pods-KZWFoundation-SwiftUITests.debug.xcconfig"; sourceTree = "<group>"; };
		E715708621A290E300084088 /* KZWFoundation-Swift.app */ = {isa = PBXFileReference; explicitFileType = wrapper.application; includeInIndex = 0; path = "KZWFoundation-Swift.app"; sourceTree = BUILT_PRODUCTS_DIR; };
		E715708921A290E300084088 /* AppDelegate.swift */ = {isa = PBXFileReference; lastKnownFileType = sourcecode.swift; path = AppDelegate.swift; sourceTree = "<group>"; };
		E715708B21A290E300084088 /* ViewController.swift */ = {isa = PBXFileReference; lastKnownFileType = sourcecode.swift; path = ViewController.swift; sourceTree = "<group>"; };
		E715708E21A290E300084088 /* Base */ = {isa = PBXFileReference; lastKnownFileType = file.storyboard; name = Base; path = Base.lproj/Main.storyboard; sourceTree = "<group>"; };
		E715709021A290E500084088 /* Assets.xcassets */ = {isa = PBXFileReference; lastKnownFileType = folder.assetcatalog; path = Assets.xcassets; sourceTree = "<group>"; };
		E715709321A290E500084088 /* Base */ = {isa = PBXFileReference; lastKnownFileType = file.storyboard; name = Base; path = Base.lproj/LaunchScreen.storyboard; sourceTree = "<group>"; };
		E715709521A290E500084088 /* Info.plist */ = {isa = PBXFileReference; lastKnownFileType = text.plist.xml; path = Info.plist; sourceTree = "<group>"; };
		E715709A21A290E500084088 /* KZWFoundation-SwiftTests.xctest */ = {isa = PBXFileReference; explicitFileType = wrapper.cfbundle; includeInIndex = 0; path = "KZWFoundation-SwiftTests.xctest"; sourceTree = BUILT_PRODUCTS_DIR; };
		E715709E21A290E500084088 /* KZWFoundation_SwiftTests.swift */ = {isa = PBXFileReference; lastKnownFileType = sourcecode.swift; path = KZWFoundation_SwiftTests.swift; sourceTree = "<group>"; };
		E71570A021A290E500084088 /* Info.plist */ = {isa = PBXFileReference; lastKnownFileType = text.plist.xml; path = Info.plist; sourceTree = "<group>"; };
		E71570A521A290E500084088 /* KZWFoundation-SwiftUITests.xctest */ = {isa = PBXFileReference; explicitFileType = wrapper.cfbundle; includeInIndex = 0; path = "KZWFoundation-SwiftUITests.xctest"; sourceTree = BUILT_PRODUCTS_DIR; };
		E71570A921A290E500084088 /* KZWFoundation_SwiftUITests.swift */ = {isa = PBXFileReference; lastKnownFileType = sourcecode.swift; path = KZWFoundation_SwiftUITests.swift; sourceTree = "<group>"; };
		E71570AB21A290E500084088 /* Info.plist */ = {isa = PBXFileReference; lastKnownFileType = text.plist.xml; path = Info.plist; sourceTree = "<group>"; };
/* End PBXFileReference section */

/* Begin PBXFrameworksBuildPhase section */
		E715708321A290E300084088 /* Frameworks */ = {
			isa = PBXFrameworksBuildPhase;
			buildActionMask = 2147483647;
			files = (
				22AD9E688DA427190FDA0057 /* Pods_KZWFoundation_Swift.framework in Frameworks */,
			);
			runOnlyForDeploymentPostprocessing = 0;
		};
		E715709721A290E500084088 /* Frameworks */ = {
			isa = PBXFrameworksBuildPhase;
			buildActionMask = 2147483647;
			files = (
				6A2A161144B155AF9D935042 /* Pods_KZWFoundation_SwiftTests.framework in Frameworks */,
			);
			runOnlyForDeploymentPostprocessing = 0;
		};
		E71570A221A290E500084088 /* Frameworks */ = {
			isa = PBXFrameworksBuildPhase;
			buildActionMask = 2147483647;
			files = (
				569B71F161243B23B8B8EBF8 /* Pods_KZWFoundation_SwiftUITests.framework in Frameworks */,
			);
			runOnlyForDeploymentPostprocessing = 0;
		};
/* End PBXFrameworksBuildPhase section */

/* Begin PBXGroup section */
		04193AB6D44EE349C5638D99 /* Pods */ = {
			isa = PBXGroup;
			children = (
				9497FCB1F689B4A5B5A69970 /* Pods-KZWFoundation-Swift.debug.xcconfig */,
				DEAE51A2556B224CA481A8D1 /* Pods-KZWFoundation-Swift.release.xcconfig */,
				AD3E7C644DACDCC0A5800663 /* Pods-KZWFoundation-SwiftTests.debug.xcconfig */,
				4A2321D60EF0493A26970C86 /* Pods-KZWFoundation-SwiftTests.release.xcconfig */,
				E66FDC9BECAF43BF4D456BB7 /* Pods-KZWFoundation-SwiftUITests.debug.xcconfig */,
				DA8730A3330B2192F6043E60 /* Pods-KZWFoundation-SwiftUITests.release.xcconfig */,
			);
			name = Pods;
			sourceTree = "<group>";
		};
		6EC47874F239FD655F61C63D /* Frameworks */ = {
			isa = PBXGroup;
			children = (
				63E4F36083D750FC3F5629CC /* Pods_KZWFoundation_Swift.framework */,
				360136BEE13BFCD9986FC51F /* Pods_KZWFoundation_SwiftTests.framework */,
				6734621F5DEA84C90F5645E3 /* Pods_KZWFoundation_SwiftUITests.framework */,
			);
			name = Frameworks;
			sourceTree = "<group>";
		};
		E715707D21A290E300084088 = {
			isa = PBXGroup;
			children = (
				E715708821A290E300084088 /* KZWFoundation-Swift */,
				E715709D21A290E500084088 /* KZWFoundation-SwiftTests */,
				E71570A821A290E500084088 /* KZWFoundation-SwiftUITests */,
				E715708721A290E300084088 /* Products */,
				04193AB6D44EE349C5638D99 /* Pods */,
				6EC47874F239FD655F61C63D /* Frameworks */,
			);
			sourceTree = "<group>";
		};
		E715708721A290E300084088 /* Products */ = {
			isa = PBXGroup;
			children = (
				E715708621A290E300084088 /* KZWFoundation-Swift.app */,
				E715709A21A290E500084088 /* KZWFoundation-SwiftTests.xctest */,
				E71570A521A290E500084088 /* KZWFoundation-SwiftUITests.xctest */,
			);
			name = Products;
			sourceTree = "<group>";
		};
		E715708821A290E300084088 /* KZWFoundation-Swift */ = {
			isa = PBXGroup;
			children = (
				E715708921A290E300084088 /* AppDelegate.swift */,
				E715708B21A290E300084088 /* ViewController.swift */,
				E715708D21A290E300084088 /* Main.storyboard */,
				E715709021A290E500084088 /* Assets.xcassets */,
				E715709221A290E500084088 /* LaunchScreen.storyboard */,
				E715709521A290E500084088 /* Info.plist */,
			);
			path = "KZWFoundation-Swift";
			sourceTree = "<group>";
		};
		E715709D21A290E500084088 /* KZWFoundation-SwiftTests */ = {
			isa = PBXGroup;
			children = (
				E715709E21A290E500084088 /* KZWFoundation_SwiftTests.swift */,
				E71570A021A290E500084088 /* Info.plist */,
			);
			path = "KZWFoundation-SwiftTests";
			sourceTree = "<group>";
		};
		E71570A821A290E500084088 /* KZWFoundation-SwiftUITests */ = {
			isa = PBXGroup;
			children = (
				E71570A921A290E500084088 /* KZWFoundation_SwiftUITests.swift */,
				E71570AB21A290E500084088 /* Info.plist */,
			);
			path = "KZWFoundation-SwiftUITests";
			sourceTree = "<group>";
		};
/* End PBXGroup section */

/* Begin PBXNativeTarget section */
		E715708521A290E300084088 /* KZWFoundation-Swift */ = {
			isa = PBXNativeTarget;
			buildConfigurationList = E71570AE21A290E500084088 /* Build configuration list for PBXNativeTarget "KZWFoundation-Swift" */;
			buildPhases = (
				FB562A0E5B009294E320C2C0 /* [CP] Check Pods Manifest.lock */,
				E715708221A290E300084088 /* Sources */,
				E715708321A290E300084088 /* Frameworks */,
				E715708421A290E300084088 /* Resources */,
				0B8E85819FD9892B3CE5DD32 /* [CP] Embed Pods Frameworks */,
			);
			buildRules = (
			);
			dependencies = (
			);
			name = "KZWFoundation-Swift";
			productName = "KZWFoundation-Swift";
			productReference = E715708621A290E300084088 /* KZWFoundation-Swift.app */;
			productType = "com.apple.product-type.application";
		};
		E715709921A290E500084088 /* KZWFoundation-SwiftTests */ = {
			isa = PBXNativeTarget;
			buildConfigurationList = E71570B121A290E500084088 /* Build configuration list for PBXNativeTarget "KZWFoundation-SwiftTests" */;
			buildPhases = (
				BEBFD9404B669324C538B895 /* [CP] Check Pods Manifest.lock */,
				E715709621A290E500084088 /* Sources */,
				E715709721A290E500084088 /* Frameworks */,
				E715709821A290E500084088 /* Resources */,
			);
			buildRules = (
			);
			dependencies = (
				E715709C21A290E500084088 /* PBXTargetDependency */,
			);
			name = "KZWFoundation-SwiftTests";
			productName = "KZWFoundation-SwiftTests";
			productReference = E715709A21A290E500084088 /* KZWFoundation-SwiftTests.xctest */;
			productType = "com.apple.product-type.bundle.unit-test";
		};
		E71570A421A290E500084088 /* KZWFoundation-SwiftUITests */ = {
			isa = PBXNativeTarget;
			buildConfigurationList = E71570B421A290E500084088 /* Build configuration list for PBXNativeTarget "KZWFoundation-SwiftUITests" */;
			buildPhases = (
				3D3849193DAC8DEA1F6A2786 /* [CP] Check Pods Manifest.lock */,
				E71570A121A290E500084088 /* Sources */,
				E71570A221A290E500084088 /* Frameworks */,
				E71570A321A290E500084088 /* Resources */,
			);
			buildRules = (
			);
			dependencies = (
				E71570A721A290E500084088 /* PBXTargetDependency */,
			);
			name = "KZWFoundation-SwiftUITests";
			productName = "KZWFoundation-SwiftUITests";
			productReference = E71570A521A290E500084088 /* KZWFoundation-SwiftUITests.xctest */;
			productType = "com.apple.product-type.bundle.ui-testing";
		};
/* End PBXNativeTarget section */

/* Begin PBXProject section */
		E715707E21A290E300084088 /* Project object */ = {
			isa = PBXProject;
			attributes = {
				LastSwiftUpdateCheck = 1010;
				LastUpgradeCheck = 1010;
				ORGANIZATIONNAME = "yang ou";
				TargetAttributes = {
					E715708521A290E300084088 = {
						CreatedOnToolsVersion = 10.1;
					};
					E715709921A290E500084088 = {
						CreatedOnToolsVersion = 10.1;
						TestTargetID = E715708521A290E300084088;
					};
					E71570A421A290E500084088 = {
						CreatedOnToolsVersion = 10.1;
						TestTargetID = E715708521A290E300084088;
					};
				};
			};
			buildConfigurationList = E715708121A290E300084088 /* Build configuration list for PBXProject "KZWFoundation-Swift" */;
			compatibilityVersion = "Xcode 9.3";
			developmentRegion = en;
			hasScannedForEncodings = 0;
			knownRegions = (
				en,
				Base,
			);
			mainGroup = E715707D21A290E300084088;
			productRefGroup = E715708721A290E300084088 /* Products */;
			projectDirPath = "";
			projectRoot = "";
			targets = (
				E715708521A290E300084088 /* KZWFoundation-Swift */,
				E715709921A290E500084088 /* KZWFoundation-SwiftTests */,
				E71570A421A290E500084088 /* KZWFoundation-SwiftUITests */,
			);
		};
/* End PBXProject section */

/* Begin PBXResourcesBuildPhase section */
		E715708421A290E300084088 /* Resources */ = {
			isa = PBXResourcesBuildPhase;
			buildActionMask = 2147483647;
			files = (
				E715709421A290E500084088 /* LaunchScreen.storyboard in Resources */,
				E715709121A290E500084088 /* Assets.xcassets in Resources */,
				E715708F21A290E300084088 /* Main.storyboard in Resources */,
			);
			runOnlyForDeploymentPostprocessing = 0;
		};
		E715709821A290E500084088 /* Resources */ = {
			isa = PBXResourcesBuildPhase;
			buildActionMask = 2147483647;
			files = (
			);
			runOnlyForDeploymentPostprocessing = 0;
		};
		E71570A321A290E500084088 /* Resources */ = {
			isa = PBXResourcesBuildPhase;
			buildActionMask = 2147483647;
			files = (
			);
			runOnlyForDeploymentPostprocessing = 0;
		};
/* End PBXResourcesBuildPhase section */

/* Begin PBXShellScriptBuildPhase section */
		0B8E85819FD9892B3CE5DD32 /* [CP] Embed Pods Frameworks */ = {
			isa = PBXShellScriptBuildPhase;
			buildActionMask = 2147483647;
			files = (
			);
			inputFileListPaths = (
			);
			inputPaths = (
				"${SRCROOT}/Pods/Target Support Files/Pods-KZWFoundation-Swift/Pods-KZWFoundation-Swift-frameworks.sh",
				"${BUILT_PRODUCTS_DIR}/Alamofire/Alamofire.framework",
				"${BUILT_PRODUCTS_DIR}/Kingfisher/Kingfisher.framework",
				"${BUILT_PRODUCTS_DIR}/MJRefresh/MJRefresh.framework",
				"${BUILT_PRODUCTS_DIR}/Reusable/Reusable.framework",
				"${BUILT_PRODUCTS_DIR}/RxAtomic/RxAtomic.framework",
				"${BUILT_PRODUCTS_DIR}/RxCocoa/RxCocoa.framework",
				"${BUILT_PRODUCTS_DIR}/RxSwift/RxSwift.framework",
				"${BUILT_PRODUCTS_DIR}/SVProgressHUD/SVProgressHUD.framework",
				"${BUILT_PRODUCTS_DIR}/SnapKit/SnapKit.framework",
				"${BUILT_PRODUCTS_DIR}/SwiftyJSON/SwiftyJSON.framework",
			);
			name = "[CP] Embed Pods Frameworks";
			outputFileListPaths = (
			);
			outputPaths = (
				"${TARGET_BUILD_DIR}/${FRAMEWORKS_FOLDER_PATH}/Alamofire.framework",
				"${TARGET_BUILD_DIR}/${FRAMEWORKS_FOLDER_PATH}/Kingfisher.framework",
				"${TARGET_BUILD_DIR}/${FRAMEWORKS_FOLDER_PATH}/MJRefresh.framework",
				"${TARGET_BUILD_DIR}/${FRAMEWORKS_FOLDER_PATH}/Reusable.framework",
				"${TARGET_BUILD_DIR}/${FRAMEWORKS_FOLDER_PATH}/RxAtomic.framework",
				"${TARGET_BUILD_DIR}/${FRAMEWORKS_FOLDER_PATH}/RxCocoa.framework",
				"${TARGET_BUILD_DIR}/${FRAMEWORKS_FOLDER_PATH}/RxSwift.framework",
				"${TARGET_BUILD_DIR}/${FRAMEWORKS_FOLDER_PATH}/SVProgressHUD.framework",
				"${TARGET_BUILD_DIR}/${FRAMEWORKS_FOLDER_PATH}/SnapKit.framework",
				"${TARGET_BUILD_DIR}/${FRAMEWORKS_FOLDER_PATH}/SwiftyJSON.framework",
			);
			runOnlyForDeploymentPostprocessing = 0;
			shellPath = /bin/sh;
			shellScript = "\"${SRCROOT}/Pods/Target Support Files/Pods-KZWFoundation-Swift/Pods-KZWFoundation-Swift-frameworks.sh\"\n";
			showEnvVarsInLog = 0;
		};
		3D3849193DAC8DEA1F6A2786 /* [CP] Check Pods Manifest.lock */ = {
			isa = PBXShellScriptBuildPhase;
			buildActionMask = 2147483647;
			files = (
			);
			inputFileListPaths = (
			);
			inputPaths = (
				"${PODS_PODFILE_DIR_PATH}/Podfile.lock",
				"${PODS_ROOT}/Manifest.lock",
			);
			name = "[CP] Check Pods Manifest.lock";
			outputFileListPaths = (
			);
			outputPaths = (
				"$(DERIVED_FILE_DIR)/Pods-KZWFoundation-SwiftUITests-checkManifestLockResult.txt",
			);
			runOnlyForDeploymentPostprocessing = 0;
			shellPath = /bin/sh;
			shellScript = "diff \"${PODS_PODFILE_DIR_PATH}/Podfile.lock\" \"${PODS_ROOT}/Manifest.lock\" > /dev/null\nif [ $? != 0 ] ; then\n    # print error to STDERR\n    echo \"error: The sandbox is not in sync with the Podfile.lock. Run 'pod install' or update your CocoaPods installation.\" >&2\n    exit 1\nfi\n# This output is used by Xcode 'outputs' to avoid re-running this script phase.\necho \"SUCCESS\" > \"${SCRIPT_OUTPUT_FILE_0}\"\n";
			showEnvVarsInLog = 0;
		};
		BEBFD9404B669324C538B895 /* [CP] Check Pods Manifest.lock */ = {
			isa = PBXShellScriptBuildPhase;
			buildActionMask = 2147483647;
			files = (
			);
			inputFileListPaths = (
			);
			inputPaths = (
				"${PODS_PODFILE_DIR_PATH}/Podfile.lock",
				"${PODS_ROOT}/Manifest.lock",
			);
			name = "[CP] Check Pods Manifest.lock";
			outputFileListPaths = (
			);
			outputPaths = (
				"$(DERIVED_FILE_DIR)/Pods-KZWFoundation-SwiftTests-checkManifestLockResult.txt",
			);
			runOnlyForDeploymentPostprocessing = 0;
			shellPath = /bin/sh;
			shellScript = "diff \"${PODS_PODFILE_DIR_PATH}/Podfile.lock\" \"${PODS_ROOT}/Manifest.lock\" > /dev/null\nif [ $? != 0 ] ; then\n    # print error to STDERR\n    echo \"error: The sandbox is not in sync with the Podfile.lock. Run 'pod install' or update your CocoaPods installation.\" >&2\n    exit 1\nfi\n# This output is used by Xcode 'outputs' to avoid re-running this script phase.\necho \"SUCCESS\" > \"${SCRIPT_OUTPUT_FILE_0}\"\n";
			showEnvVarsInLog = 0;
		};
		FB562A0E5B009294E320C2C0 /* [CP] Check Pods Manifest.lock */ = {
			isa = PBXShellScriptBuildPhase;
			buildActionMask = 2147483647;
			files = (
			);
			inputFileListPaths = (
			);
			inputPaths = (
				"${PODS_PODFILE_DIR_PATH}/Podfile.lock",
				"${PODS_ROOT}/Manifest.lock",
			);
			name = "[CP] Check Pods Manifest.lock";
			outputFileListPaths = (
			);
			outputPaths = (
				"$(DERIVED_FILE_DIR)/Pods-KZWFoundation-Swift-checkManifestLockResult.txt",
			);
			runOnlyForDeploymentPostprocessing = 0;
			shellPath = /bin/sh;
			shellScript = "diff \"${PODS_PODFILE_DIR_PATH}/Podfile.lock\" \"${PODS_ROOT}/Manifest.lock\" > /dev/null\nif [ $? != 0 ] ; then\n    # print error to STDERR\n    echo \"error: The sandbox is not in sync with the Podfile.lock. Run 'pod install' or update your CocoaPods installation.\" >&2\n    exit 1\nfi\n# This output is used by Xcode 'outputs' to avoid re-running this script phase.\necho \"SUCCESS\" > \"${SCRIPT_OUTPUT_FILE_0}\"\n";
			showEnvVarsInLog = 0;
		};
/* End PBXShellScriptBuildPhase section */

/* Begin PBXSourcesBuildPhase section */
		E715708221A290E300084088 /* Sources */ = {
			isa = PBXSourcesBuildPhase;
			buildActionMask = 2147483647;
			files = (
				E715708C21A290E300084088 /* ViewController.swift in Sources */,
				E715708A21A290E300084088 /* AppDelegate.swift in Sources */,
			);
			runOnlyForDeploymentPostprocessing = 0;
		};
		E715709621A290E500084088 /* Sources */ = {
			isa = PBXSourcesBuildPhase;
			buildActionMask = 2147483647;
			files = (
				E715709F21A290E500084088 /* KZWFoundation_SwiftTests.swift in Sources */,
			);
			runOnlyForDeploymentPostprocessing = 0;
		};
		E71570A121A290E500084088 /* Sources */ = {
			isa = PBXSourcesBuildPhase;
			buildActionMask = 2147483647;
			files = (
				E71570AA21A290E500084088 /* KZWFoundation_SwiftUITests.swift in Sources */,
			);
			runOnlyForDeploymentPostprocessing = 0;
		};
/* End PBXSourcesBuildPhase section */

/* Begin PBXTargetDependency section */
		E715709C21A290E500084088 /* PBXTargetDependency */ = {
			isa = PBXTargetDependency;
			target = E715708521A290E300084088 /* KZWFoundation-Swift */;
			targetProxy = E715709B21A290E500084088 /* PBXContainerItemProxy */;
		};
		E71570A721A290E500084088 /* PBXTargetDependency */ = {
			isa = PBXTargetDependency;
			target = E715708521A290E300084088 /* KZWFoundation-Swift */;
			targetProxy = E71570A621A290E500084088 /* PBXContainerItemProxy */;
		};
/* End PBXTargetDependency section */

/* Begin PBXVariantGroup section */
		E715708D21A290E300084088 /* Main.storyboard */ = {
			isa = PBXVariantGroup;
			children = (
				E715708E21A290E300084088 /* Base */,
			);
			name = Main.storyboard;
			sourceTree = "<group>";
		};
		E715709221A290E500084088 /* LaunchScreen.storyboard */ = {
			isa = PBXVariantGroup;
			children = (
				E715709321A290E500084088 /* Base */,
			);
			name = LaunchScreen.storyboard;
			sourceTree = "<group>";
		};
/* End PBXVariantGroup section */

/* Begin XCBuildConfiguration section */
		E71570AC21A290E500084088 /* Debug */ = {
			isa = XCBuildConfiguration;
			buildSettings = {
				ALWAYS_SEARCH_USER_PATHS = NO;
				CLANG_ANALYZER_NONNULL = YES;
				CLANG_ANALYZER_NUMBER_OBJECT_CONVERSION = YES_AGGRESSIVE;
				CLANG_CXX_LANGUAGE_STANDARD = "gnu++14";
				CLANG_CXX_LIBRARY = "libc++";
				CLANG_ENABLE_MODULES = YES;
				CLANG_ENABLE_OBJC_ARC = YES;
				CLANG_ENABLE_OBJC_WEAK = YES;
				CLANG_WARN_BLOCK_CAPTURE_AUTORELEASING = YES;
				CLANG_WARN_BOOL_CONVERSION = YES;
				CLANG_WARN_COMMA = YES;
				CLANG_WARN_CONSTANT_CONVERSION = YES;
				CLANG_WARN_DEPRECATED_OBJC_IMPLEMENTATIONS = YES;
				CLANG_WARN_DIRECT_OBJC_ISA_USAGE = YES_ERROR;
				CLANG_WARN_DOCUMENTATION_COMMENTS = YES;
				CLANG_WARN_EMPTY_BODY = YES;
				CLANG_WARN_ENUM_CONVERSION = YES;
				CLANG_WARN_INFINITE_RECURSION = YES;
				CLANG_WARN_INT_CONVERSION = YES;
				CLANG_WARN_NON_LITERAL_NULL_CONVERSION = YES;
				CLANG_WARN_OBJC_IMPLICIT_RETAIN_SELF = YES;
				CLANG_WARN_OBJC_LITERAL_CONVERSION = YES;
				CLANG_WARN_OBJC_ROOT_CLASS = YES_ERROR;
				CLANG_WARN_RANGE_LOOP_ANALYSIS = YES;
				CLANG_WARN_STRICT_PROTOTYPES = YES;
				CLANG_WARN_SUSPICIOUS_MOVE = YES;
				CLANG_WARN_UNGUARDED_AVAILABILITY = YES_AGGRESSIVE;
				CLANG_WARN_UNREACHABLE_CODE = YES;
				CLANG_WARN__DUPLICATE_METHOD_MATCH = YES;
				CODE_SIGN_IDENTITY = "iPhone Developer";
				COPY_PHASE_STRIP = NO;
				DEBUG_INFORMATION_FORMAT = dwarf;
				ENABLE_STRICT_OBJC_MSGSEND = YES;
				ENABLE_TESTABILITY = YES;
				GCC_C_LANGUAGE_STANDARD = gnu11;
				GCC_DYNAMIC_NO_PIC = NO;
				GCC_NO_COMMON_BLOCKS = YES;
				GCC_OPTIMIZATION_LEVEL = 0;
				GCC_PREPROCESSOR_DEFINITIONS = (
					"DEBUG=1",
					"$(inherited)",
				);
				GCC_WARN_64_TO_32_BIT_CONVERSION = YES;
				GCC_WARN_ABOUT_RETURN_TYPE = YES_ERROR;
				GCC_WARN_UNDECLARED_SELECTOR = YES;
				GCC_WARN_UNINITIALIZED_AUTOS = YES_AGGRESSIVE;
				GCC_WARN_UNUSED_FUNCTION = YES;
				GCC_WARN_UNUSED_VARIABLE = YES;
				IPHONEOS_DEPLOYMENT_TARGET = 12.1;
				MTL_ENABLE_DEBUG_INFO = INCLUDE_SOURCE;
				MTL_FAST_MATH = YES;
				ONLY_ACTIVE_ARCH = YES;
				SDKROOT = iphoneos;
				SWIFT_ACTIVE_COMPILATION_CONDITIONS = DEBUG;
				SWIFT_OPTIMIZATION_LEVEL = "-Onone";
			};
			name = Debug;
		};
		E71570AD21A290E500084088 /* Release */ = {
			isa = XCBuildConfiguration;
			buildSettings = {
				ALWAYS_SEARCH_USER_PATHS = NO;
				CLANG_ANALYZER_NONNULL = YES;
				CLANG_ANALYZER_NUMBER_OBJECT_CONVERSION = YES_AGGRESSIVE;
				CLANG_CXX_LANGUAGE_STANDARD = "gnu++14";
				CLANG_CXX_LIBRARY = "libc++";
				CLANG_ENABLE_MODULES = YES;
				CLANG_ENABLE_OBJC_ARC = YES;
				CLANG_ENABLE_OBJC_WEAK = YES;
				CLANG_WARN_BLOCK_CAPTURE_AUTORELEASING = YES;
				CLANG_WARN_BOOL_CONVERSION = YES;
				CLANG_WARN_COMMA = YES;
				CLANG_WARN_CONSTANT_CONVERSION = YES;
				CLANG_WARN_DEPRECATED_OBJC_IMPLEMENTATIONS = YES;
				CLANG_WARN_DIRECT_OBJC_ISA_USAGE = YES_ERROR;
				CLANG_WARN_DOCUMENTATION_COMMENTS = YES;
				CLANG_WARN_EMPTY_BODY = YES;
				CLANG_WARN_ENUM_CONVERSION = YES;
				CLANG_WARN_INFINITE_RECURSION = YES;
				CLANG_WARN_INT_CONVERSION = YES;
				CLANG_WARN_NON_LITERAL_NULL_CONVERSION = YES;
				CLANG_WARN_OBJC_IMPLICIT_RETAIN_SELF = YES;
				CLANG_WARN_OBJC_LITERAL_CONVERSION = YES;
				CLANG_WARN_OBJC_ROOT_CLASS = YES_ERROR;
				CLANG_WARN_RANGE_LOOP_ANALYSIS = YES;
				CLANG_WARN_STRICT_PROTOTYPES = YES;
				CLANG_WARN_SUSPICIOUS_MOVE = YES;
				CLANG_WARN_UNGUARDED_AVAILABILITY = YES_AGGRESSIVE;
				CLANG_WARN_UNREACHABLE_CODE = YES;
				CLANG_WARN__DUPLICATE_METHOD_MATCH = YES;
				CODE_SIGN_IDENTITY = "iPhone Developer";
				COPY_PHASE_STRIP = NO;
				DEBUG_INFORMATION_FORMAT = "dwarf-with-dsym";
				ENABLE_NS_ASSERTIONS = NO;
				ENABLE_STRICT_OBJC_MSGSEND = YES;
				GCC_C_LANGUAGE_STANDARD = gnu11;
				GCC_NO_COMMON_BLOCKS = YES;
				GCC_WARN_64_TO_32_BIT_CONVERSION = YES;
				GCC_WARN_ABOUT_RETURN_TYPE = YES_ERROR;
				GCC_WARN_UNDECLARED_SELECTOR = YES;
				GCC_WARN_UNINITIALIZED_AUTOS = YES_AGGRESSIVE;
				GCC_WARN_UNUSED_FUNCTION = YES;
				GCC_WARN_UNUSED_VARIABLE = YES;
				IPHONEOS_DEPLOYMENT_TARGET = 12.1;
				MTL_ENABLE_DEBUG_INFO = NO;
				MTL_FAST_MATH = YES;
				SDKROOT = iphoneos;
				SWIFT_COMPILATION_MODE = wholemodule;
				SWIFT_OPTIMIZATION_LEVEL = "-O";
				VALIDATE_PRODUCT = YES;
			};
			name = Release;
		};
		E71570AF21A290E500084088 /* Debug */ = {
			isa = XCBuildConfiguration;
			baseConfigurationReference = 9497FCB1F689B4A5B5A69970 /* Pods-KZWFoundation-Swift.debug.xcconfig */;
			buildSettings = {
				ASSETCATALOG_COMPILER_APPICON_NAME = AppIcon;
				CODE_SIGN_STYLE = Automatic;
				INFOPLIST_FILE = "KZWFoundation-Swift/Info.plist";
				LD_RUNPATH_SEARCH_PATHS = (
					"$(inherited)",
					"@executable_path/Frameworks",
				);
				PRODUCT_BUNDLE_IDENTIFIER = "KZWFoundationSwift.ouyang.KZWFoundation-Swift";
				PRODUCT_NAME = "$(TARGET_NAME)";
				SWIFT_VERSION = 4.2;
				TARGETED_DEVICE_FAMILY = "1,2";
			};
			name = Debug;
		};
		E71570B021A290E500084088 /* Release */ = {
			isa = XCBuildConfiguration;
			baseConfigurationReference = DEAE51A2556B224CA481A8D1 /* Pods-KZWFoundation-Swift.release.xcconfig */;
			buildSettings = {
				ASSETCATALOG_COMPILER_APPICON_NAME = AppIcon;
				CODE_SIGN_STYLE = Automatic;
				INFOPLIST_FILE = "KZWFoundation-Swift/Info.plist";
				LD_RUNPATH_SEARCH_PATHS = (
					"$(inherited)",
					"@executable_path/Frameworks",
				);
				PRODUCT_BUNDLE_IDENTIFIER = "KZWFoundationSwift.ouyang.KZWFoundation-Swift";
				PRODUCT_NAME = "$(TARGET_NAME)";
				SWIFT_VERSION = 4.2;
				TARGETED_DEVICE_FAMILY = "1,2";
			};
			name = Release;
		};
		E71570B221A290E500084088 /* Debug */ = {
			isa = XCBuildConfiguration;
			baseConfigurationReference = AD3E7C644DACDCC0A5800663 /* Pods-KZWFoundation-SwiftTests.debug.xcconfig */;
			buildSettings = {
				ALWAYS_EMBED_SWIFT_STANDARD_LIBRARIES = YES;
				BUNDLE_LOADER = "$(TEST_HOST)";
				CODE_SIGN_STYLE = Automatic;
				INFOPLIST_FILE = "KZWFoundation-SwiftTests/Info.plist";
				LD_RUNPATH_SEARCH_PATHS = (
					"$(inherited)",
					"@executable_path/Frameworks",
					"@loader_path/Frameworks",
				);
				PRODUCT_BUNDLE_IDENTIFIER = "KZWFoundationSwift.ouyang.KZWFoundation-SwiftTests";
				PRODUCT_NAME = "$(TARGET_NAME)";
				SWIFT_VERSION = 4.2;
				TARGETED_DEVICE_FAMILY = "1,2";
				TEST_HOST = "$(BUILT_PRODUCTS_DIR)/KZWFoundation-Swift.app/KZWFoundation-Swift";
			};
			name = Debug;
		};
		E71570B321A290E500084088 /* Release */ = {
			isa = XCBuildConfiguration;
			baseConfigurationReference = 4A2321D60EF0493A26970C86 /* Pods-KZWFoundation-SwiftTests.release.xcconfig */;
			buildSettings = {
				ALWAYS_EMBED_SWIFT_STANDARD_LIBRARIES = YES;
				BUNDLE_LOADER = "$(TEST_HOST)";
				CODE_SIGN_STYLE = Automatic;
				INFOPLIST_FILE = "KZWFoundation-SwiftTests/Info.plist";
				LD_RUNPATH_SEARCH_PATHS = (
					"$(inherited)",
					"@executable_path/Frameworks",
					"@loader_path/Frameworks",
				);
				PRODUCT_BUNDLE_IDENTIFIER = "KZWFoundationSwift.ouyang.KZWFoundation-SwiftTests";
				PRODUCT_NAME = "$(TARGET_NAME)";
				SWIFT_VERSION = 4.2;
				TARGETED_DEVICE_FAMILY = "1,2";
				TEST_HOST = "$(BUILT_PRODUCTS_DIR)/KZWFoundation-Swift.app/KZWFoundation-Swift";
			};
			name = Release;
		};
		E71570B521A290E500084088 /* Debug */ = {
			isa = XCBuildConfiguration;
			baseConfigurationReference = E66FDC9BECAF43BF4D456BB7 /* Pods-KZWFoundation-SwiftUITests.debug.xcconfig */;
			buildSettings = {
				ALWAYS_EMBED_SWIFT_STANDARD_LIBRARIES = YES;
				CODE_SIGN_STYLE = Automatic;
				INFOPLIST_FILE = "KZWFoundation-SwiftUITests/Info.plist";
				LD_RUNPATH_SEARCH_PATHS = (
					"$(inherited)",
					"@executable_path/Frameworks",
					"@loader_path/Frameworks",
				);
				PRODUCT_BUNDLE_IDENTIFIER = "KZWFoundationSwift.ouyang.KZWFoundation-SwiftUITests";
				PRODUCT_NAME = "$(TARGET_NAME)";
				SWIFT_VERSION = 4.2;
				TARGETED_DEVICE_FAMILY = "1,2";
				TEST_TARGET_NAME = "KZWFoundation-Swift";
			};
			name = Debug;
		};
		E71570B621A290E500084088 /* Release */ = {
			isa = XCBuildConfiguration;
			baseConfigurationReference = DA8730A3330B2192F6043E60 /* Pods-KZWFoundation-SwiftUITests.release.xcconfig */;
			buildSettings = {
				ALWAYS_EMBED_SWIFT_STANDARD_LIBRARIES = YES;
				CODE_SIGN_STYLE = Automatic;
				INFOPLIST_FILE = "KZWFoundation-SwiftUITests/Info.plist";
				LD_RUNPATH_SEARCH_PATHS = (
					"$(inherited)",
					"@executable_path/Frameworks",
					"@loader_path/Frameworks",
				);
				PRODUCT_BUNDLE_IDENTIFIER = "KZWFoundationSwift.ouyang.KZWFoundation-SwiftUITests";
				PRODUCT_NAME = "$(TARGET_NAME)";
				SWIFT_VERSION = 4.2;
				TARGETED_DEVICE_FAMILY = "1,2";
				TEST_TARGET_NAME = "KZWFoundation-Swift";
			};
			name = Release;
		};
/* End XCBuildConfiguration section */

/* Begin XCConfigurationList section */
		E715708121A290E300084088 /* Build configuration list for PBXProject "KZWFoundation-Swift" */ = {
			isa = XCConfigurationList;
			buildConfigurations = (
				E71570AC21A290E500084088 /* Debug */,
				E71570AD21A290E500084088 /* Release */,
			);
			defaultConfigurationIsVisible = 0;
			defaultConfigurationName = Release;
		};
		E71570AE21A290E500084088 /* Build configuration list for PBXNativeTarget "KZWFoundation-Swift" */ = {
			isa = XCConfigurationList;
			buildConfigurations = (
				E71570AF21A290E500084088 /* Debug */,
				E71570B021A290E500084088 /* Release */,
			);
			defaultConfigurationIsVisible = 0;
			defaultConfigurationName = Release;
		};
		E71570B121A290E500084088 /* Build configuration list for PBXNativeTarget "KZWFoundation-SwiftTests" */ = {
			isa = XCConfigurationList;
			buildConfigurations = (
				E71570B221A290E500084088 /* Debug */,
				E71570B321A290E500084088 /* Release */,
			);
			defaultConfigurationIsVisible = 0;
			defaultConfigurationName = Release;
		};
		E71570B421A290E500084088 /* Build configuration list for PBXNativeTarget "KZWFoundation-SwiftUITests" */ = {
			isa = XCConfigurationList;
			buildConfigurations = (
				E71570B521A290E500084088 /* Debug */,
				E71570B621A290E500084088 /* Release */,
			);
			defaultConfigurationIsVisible = 0;
			defaultConfigurationName = Release;
		};
/* End XCConfigurationList section */
	};
	rootObject = E715707E21A290E300084088 /* Project object */;
}
